
Microsoft Visual Studio Solution File, Format Version 12.00
# Visual Studio Version 16
VisualStudioVersion = 16.0.31205.134
MinimumVisualStudioVersion = 10.0.40219.1
Project("{FAE04EC0-301F-11D3-BF4B-00C04F79EFBC}") = "ServiceForWorkingWithBooks", "ServiceForWorkingWithBooks\ServiceForWorkingWithBooks.csproj", "{87754445-76DD-48A1-BB3A-4C5A2B8A6086}"
EndProject
Project("{FAE04EC0-301F-11D3-BF4B-00C04F79EFBC}") = "Book", "Book\Book.csproj", "{07ED2AAE-BE96-48F5-92DC-DB007D6F5313}"
EndProject
Project("{FAE04EC0-301F-11D3-BF4B-00C04F79EFBC}") = "ServiceForWorkingWithBooks.Tests", "ServiceForWorkingWithBooks.Tests\ServiceForWorkingWithBooks.Tests.csproj", "{1816E7EF-0BBF-46A4-A23A-D1D67ABCDA9E}"
EndProject
Global
	GlobalSection(SolutionConfigurationPlatforms) = preSolution
		Debug|Any CPU = Debug|Any CPU
		Release|Any CPU = Release|Any CPU
	EndGlobalSection
	GlobalSection(ProjectConfigurationPlatforms) = postSolution
		{87754445-76DD-48A1-BB3A-4C5A2B8A6086}.Debug|Any CPU.ActiveCfg = Debug|Any CPU
		{87754445-76DD-48A1-BB3A-4C5A2B8A6086}.Debug|Any CPU.Build.0 = Debug|Any CPU
		{87754445-76DD-48A1-BB3A-4C5A2B8A6086}.Release|Any CPU.ActiveCfg = Release|Any CPU
		{87754445-76DD-48A1-BB3A-4C5A2B8A6086}.Release|Any CPU.Build.0 = Release|Any CPU
		{07ED2AAE-BE96-48F5-92DC-DB007D6F5313}.Debug|Any CPU.ActiveCfg = Debug|Any CPU
		{07ED2AAE-BE96-48F5-92DC-DB007D6F5313}.Debug|Any CPU.Build.0 = Debug|Any CPU
		{07ED2AAE-BE96-48F5-92DC-DB007D6F5313}.Release|Any CPU.ActiveCfg = Release|Any CPU
		{07ED2AAE-BE96-48F5-92DC-DB007D6F5313}.Release|Any CPU.Build.0 = Release|Any CPU
		{1816E7EF-0BBF-46A4-A23A-D1D67ABCDA9E}.Debug|Any CPU.ActiveCfg = Debug|Any CPU
		{1816E7EF-0BBF-46A4-A23A-D1D67ABCDA9E}.Debug|Any CPU.Build.0 = Debug|Any CPU
		{1816E7EF-0BBF-46A4-A23A-D1D67ABCDA9E}.Release|Any CPU.ActiveCfg = Release|Any CPU
		{1816E7EF-0BBF-46A4-A23A-D1D67ABCDA9E}.Release|Any CPU.Build.0 = Release|Any CPU
	EndGlobalSection
	GlobalSection(SolutionProperties) = preSolution
		HideSolutionNode = FALSE
	EndGlobalSection
	GlobalSection(ExtensibilityGlobals) = postSolution
		SolutionGuid = {54FEC46C-B2E3-4A82-A35B-F0A8F6135917}
	EndGlobalSection
EndGlobal
